
Microsoft Visual Studio Solution File, Format Version 12.00
# Visual Studio Version 17
VisualStudioVersion = 17.5.002.0
MinimumVisualStudioVersion = 10.0.40219.1
Project("{9A19103F-16F7-4668-BE54-9A1E7A4F7556}") = "Fruit", "csharp\Fruit.csproj", "{2B2503D7-B406-4CB1-A35C-2D98C7BA677F}"
EndProject
Project("{9A19103F-16F7-4668-BE54-9A1E7A4F7556}") = "New", "csharp\New.csproj", "{C9BF1E61-2797-499A-A0EE-114B50112041}"
EndProject
Global
	GlobalSection(SolutionConfigurationPlatforms) = preSolution
		Debug|Any CPU = Debug|Any CPU
		Release|Any CPU = Release|Any CPU
	EndGlobalSection
	GlobalSection(ProjectConfigurationPlatforms) = postSolution
		{2B2503D7-B406-4CB1-A35C-2D98C7BA677F}.Debug|Any CPU.ActiveCfg = Debug|Any CPU
		{2B2503D7-B406-4CB1-A35C-2D98C7BA677F}.Debug|Any CPU.Build.0 = Debug|Any CPU
		{2B2503D7-B406-4CB1-A35C-2D98C7BA677F}.Release|Any CPU.ActiveCfg = Release|Any CPU
		{2B2503D7-B406-4CB1-A35C-2D98C7BA677F}.Release|Any CPU.Build.0 = Release|Any CPU
		{C9BF1E61-2797-499A-A0EE-114B50112041}.Debug|Any CPU.ActiveCfg = Debug|Any CPU
		{C9BF1E61-2797-499A-A0EE-114B50112041}.Debug|Any CPU.Build.0 = Debug|Any CPU
		{C9BF1E61-2797-499A-A0EE-114B50112041}.Release|Any CPU.ActiveCfg = Release|Any CPU
		{C9BF1E61-2797-499A-A0EE-114B50112041}.Release|Any CPU.Build.0 = Release|Any CPU
	EndGlobalSection
	GlobalSection(SolutionProperties) = preSolution
		HideSolutionNode = FALSE
	EndGlobalSection
	GlobalSection(ExtensibilityGlobals) = postSolution
		SolutionGuid = {5444606E-4FAA-4E41-8948-46EFB51A4A8F}
	EndGlobalSection
EndGlobal
